
Microsoft Visual Studio Solution File, Format Version 12.00
# Visual Studio Version 17
VisualStudioVersion = 17.3.32901.215
MinimumVisualStudioVersion = 10.0.40219.1
Project("{9A19103F-16F7-4668-BE54-9A1E7A4F7556}") = "INSS.ODS.WorldpayService.AcceptanceTest", "INSS.ODS.WorldpayService.AcceptanceTest.csproj", "{7ED42BBF-F53A-4EB4-9557-B14B5CD402E8}"
EndProject
Global
	GlobalSection(SolutionConfigurationPlatforms) = preSolution
		Debug|Any CPU = Debug|Any CPU
		Development|Any CPU = Development|Any CPU
		InSSAppSettings|Any CPU = InSSAppSettings|Any CPU
		Release|Any CPU = Release|Any CPU
		Test|Any CPU = Test|Any CPU
		Uat|Any CPU = Uat|Any CPU
	EndGlobalSection
	GlobalSection(ProjectConfigurationPlatforms) = postSolution
		{7ED42BBF-F53A-4EB4-9557-B14B5CD402E8}.Debug|Any CPU.ActiveCfg = Debug|Any CPU
		{7ED42BBF-F53A-4EB4-9557-B14B5CD402E8}.Debug|Any CPU.Build.0 = Debug|Any CPU
		{7ED42BBF-F53A-4EB4-9557-B14B5CD402E8}.Development|Any CPU.ActiveCfg = Development|Any CPU
		{7ED42BBF-F53A-4EB4-9557-B14B5CD402E8}.Development|Any CPU.Build.0 = Development|Any CPU
		{7ED42BBF-F53A-4EB4-9557-B14B5CD402E8}.InSSAppSettings|Any CPU.ActiveCfg = InSSAppSettings|Any CPU
		{7ED42BBF-F53A-4EB4-9557-B14B5CD402E8}.InSSAppSettings|Any CPU.Build.0 = InSSAppSettings|Any CPU
		{7ED42BBF-F53A-4EB4-9557-B14B5CD402E8}.Release|Any CPU.ActiveCfg = Release|Any CPU
		{7ED42BBF-F53A-4EB4-9557-B14B5CD402E8}.Release|Any CPU.Build.0 = Release|Any CPU
		{7ED42BBF-F53A-4EB4-9557-B14B5CD402E8}.Test|Any CPU.ActiveCfg = Test|Any CPU
		{7ED42BBF-F53A-4EB4-9557-B14B5CD402E8}.Test|Any CPU.Build.0 = Test|Any CPU
		{7ED42BBF-F53A-4EB4-9557-B14B5CD402E8}.Uat|Any CPU.ActiveCfg = Uat|Any CPU
		{7ED42BBF-F53A-4EB4-9557-B14B5CD402E8}.Uat|Any CPU.Build.0 = Uat|Any CPU
	EndGlobalSection
	GlobalSection(SolutionProperties) = preSolution
		HideSolutionNode = FALSE
	EndGlobalSection
	GlobalSection(ExtensibilityGlobals) = postSolution
		SolutionGuid = {C1BBA396-B450-4259-848F-773229A6ADD5}
	EndGlobalSection
EndGlobal
